
Microsoft Visual Studio Solution File, Format Version 12.00
Project("{2150E333-8FDC-42A3-9474-1A3956D46DE8}") = "Services", "Services", "{557CBBE9-F68E-444F-B62D-02D11E804C8D}"
EndProject
Project("{2150E333-8FDC-42A3-9474-1A3956D46DE8}") = "Catalog", "Catalog", "{21BA59E4-7FC6-4165-8240-3EE6A01DEDD0}"
EndProject
Project("{FAE04EC0-301F-11D3-BF4B-00C04F79EFBC}") = "Catalog.API", "Services\Catalog\Catalog.API\Catalog.API.csproj", "{CF3C9260-1F35-48C8-AFEA-09C0F0A40FEF}"
EndProject
Project("{2150E333-8FDC-42A3-9474-1A3956D46DE8}") = "Basket", "Basket", "{A515070E-ED30-4614-8C8E-3C3B59586CDE}"
EndProject
Project("{FAE04EC0-301F-11D3-BF4B-00C04F79EFBC}") = "Basket.API", "Services\Basket\Basket.API\Basket.API.csproj", "{DD14455F-A903-4056-9D48-CB72FC8F5D70}"
EndProject
Project("{2150E333-8FDC-42A3-9474-1A3956D46DE8}") = "Discount", "Discount", "{AE8B06A2-9623-4406-84C5-D660E6703C50}"
EndProject
Project("{FAE04EC0-301F-11D3-BF4B-00C04F79EFBC}") = "Discount.API", "Services\Discount\Discount.API\Discount.API.csproj", "{5DBD0657-A484-436F-ACA0-86935D3D968B}"
EndProject
Global
	GlobalSection(SolutionConfigurationPlatforms) = preSolution
		Debug|Any CPU = Debug|Any CPU
		Release|Any CPU = Release|Any CPU
	EndGlobalSection
	GlobalSection(NestedProjects) = preSolution
		{21BA59E4-7FC6-4165-8240-3EE6A01DEDD0} = {557CBBE9-F68E-444F-B62D-02D11E804C8D}
		{CF3C9260-1F35-48C8-AFEA-09C0F0A40FEF} = {21BA59E4-7FC6-4165-8240-3EE6A01DEDD0}
		{A515070E-ED30-4614-8C8E-3C3B59586CDE} = {557CBBE9-F68E-444F-B62D-02D11E804C8D}
		{DD14455F-A903-4056-9D48-CB72FC8F5D70} = {A515070E-ED30-4614-8C8E-3C3B59586CDE}
		{AE8B06A2-9623-4406-84C5-D660E6703C50} = {557CBBE9-F68E-444F-B62D-02D11E804C8D}
		{5DBD0657-A484-436F-ACA0-86935D3D968B} = {AE8B06A2-9623-4406-84C5-D660E6703C50}
	EndGlobalSection
	GlobalSection(ProjectConfigurationPlatforms) = postSolution
		{CF3C9260-1F35-48C8-AFEA-09C0F0A40FEF}.Debug|Any CPU.ActiveCfg = Debug|Any CPU
		{CF3C9260-1F35-48C8-AFEA-09C0F0A40FEF}.Debug|Any CPU.Build.0 = Debug|Any CPU
		{CF3C9260-1F35-48C8-AFEA-09C0F0A40FEF}.Release|Any CPU.ActiveCfg = Release|Any CPU
		{CF3C9260-1F35-48C8-AFEA-09C0F0A40FEF}.Release|Any CPU.Build.0 = Release|Any CPU
		{DD14455F-A903-4056-9D48-CB72FC8F5D70}.Debug|Any CPU.ActiveCfg = Debug|Any CPU
		{DD14455F-A903-4056-9D48-CB72FC8F5D70}.Debug|Any CPU.Build.0 = Debug|Any CPU
		{DD14455F-A903-4056-9D48-CB72FC8F5D70}.Release|Any CPU.ActiveCfg = Release|Any CPU
		{DD14455F-A903-4056-9D48-CB72FC8F5D70}.Release|Any CPU.Build.0 = Release|Any CPU
		{5DBD0657-A484-436F-ACA0-86935D3D968B}.Debug|Any CPU.ActiveCfg = Debug|Any CPU
		{5DBD0657-A484-436F-ACA0-86935D3D968B}.Debug|Any CPU.Build.0 = Debug|Any CPU
		{5DBD0657-A484-436F-ACA0-86935D3D968B}.Release|Any CPU.ActiveCfg = Release|Any CPU
		{5DBD0657-A484-436F-ACA0-86935D3D968B}.Release|Any CPU.Build.0 = Release|Any CPU
	EndGlobalSection
EndGlobal
